// !$*UTF8*$!
{
	archiveVersion = 1;
	classes = {
	};
	objectVersion = 51;
	objects = {

/* Begin PBXBuildFile section */
		1750A21C810930168311E055 /* Pods_InstagramUITests.framework in Frameworks */ = {isa = PBXBuildFile; fileRef = 5E68CDE2BB287A2C503296FD /* Pods_InstagramUITests.framework */; };
		27B18555A08C8A4F21B5FE11 /* Pods_InstagramTests.framework in Frameworks */ = {isa = PBXBuildFile; fileRef = FA37EA6B70EB2E381160119C /* Pods_InstagramTests.framework */; };
		681A2BFC22D53B8900BC63E4 /* ComposeViewController.m in Sources */ = {isa = PBXBuildFile; fileRef = 681A2BFB22D53B8900BC63E4 /* ComposeViewController.m */; };
		681A2BFF22D54D3E00BC63E4 /* Post.m in Sources */ = {isa = PBXBuildFile; fileRef = 681A2BFE22D54D3E00BC63E4 /* Post.m */; };
		681A2C0522D55E5200BC63E4 /* d.m in Sources */ = {isa = PBXBuildFile; fileRef = 681A2C0422D55E5200BC63E4 /* d.m */; };
		681A2C4F22D6A63D00BC63E4 /* DetailsViewController.m in Sources */ = {isa = PBXBuildFile; fileRef = 681A2C4E22D6A63D00BC63E4 /* DetailsViewController.m */; };
		681A2C5222D7B90500BC63E4 /* ProfileViewController.m in Sources */ = {isa = PBXBuildFile; fileRef = 681A2C5122D7B90500BC63E4 /* ProfileViewController.m */; };
		68313E7522D3FBE00093236A /* AppDelegate.m in Sources */ = {isa = PBXBuildFile; fileRef = 68313E7422D3FBE00093236A /* AppDelegate.m */; };
		68313E7B22D3FBE00093236A /* Main.storyboard in Resources */ = {isa = PBXBuildFile; fileRef = 68313E7922D3FBE00093236A /* Main.storyboard */; };
		68313E7D22D3FBE10093236A /* Assets.xcassets in Resources */ = {isa = PBXBuildFile; fileRef = 68313E7C22D3FBE10093236A /* Assets.xcassets */; };
		68313E8022D3FBE10093236A /* LaunchScreen.storyboard in Resources */ = {isa = PBXBuildFile; fileRef = 68313E7E22D3FBE10093236A /* LaunchScreen.storyboard */; };
		68313E8322D3FBE10093236A /* main.m in Sources */ = {isa = PBXBuildFile; fileRef = 68313E8222D3FBE10093236A /* main.m */; };
		68313E8D22D3FBE10093236A /* InstagramTests.m in Sources */ = {isa = PBXBuildFile; fileRef = 68313E8C22D3FBE10093236A /* InstagramTests.m */; };
		68313E9822D3FBE10093236A /* InstagramUITests.m in Sources */ = {isa = PBXBuildFile; fileRef = 68313E9722D3FBE10093236A /* InstagramUITests.m */; };
		68313EAA22D409690093236A /* LoginViewController.m in Sources */ = {isa = PBXBuildFile; fileRef = 68313EA922D409690093236A /* LoginViewController.m */; };
		68313EAD22D410EF0093236A /* RegisterViewController.m in Sources */ = {isa = PBXBuildFile; fileRef = 68313EAC22D410EF0093236A /* RegisterViewController.m */; };
		68313EB022D417C50093236A /* TimelineViewController.m in Sources */ = {isa = PBXBuildFile; fileRef = 68313EAF22D417C50093236A /* TimelineViewController.m */; };
		EBE1979E5471F694E668258B /* Pods_Instagram.framework in Frameworks */ = {isa = PBXBuildFile; fileRef = A7E2280B2E6F058048A5D601 /* Pods_Instagram.framework */; };
/* End PBXBuildFile section */

/* Begin PBXContainerItemProxy section */
		68313E8922D3FBE10093236A /* PBXContainerItemProxy */ = {
			isa = PBXContainerItemProxy;
			containerPortal = 68313E6822D3FBE00093236A /* Project object */;
			proxyType = 1;
			remoteGlobalIDString = 68313E6F22D3FBE00093236A;
			remoteInfo = Instagram;
		};
		68313E9422D3FBE10093236A /* PBXContainerItemProxy */ = {
			isa = PBXContainerItemProxy;
			containerPortal = 68313E6822D3FBE00093236A /* Project object */;
			proxyType = 1;
			remoteGlobalIDString = 68313E6F22D3FBE00093236A;
			remoteInfo = Instagram;
		};
/* End PBXContainerItemProxy section */

/* Begin PBXFileReference section */
		3B05BF0E3D1C82F7EE4C8D1B /* Pods-InstagramTests.release.xcconfig */ = {isa = PBXFileReference; includeInIndex = 1; lastKnownFileType = text.xcconfig; name = "Pods-InstagramTests.release.xcconfig"; path = "Target Support Files/Pods-InstagramTests/Pods-InstagramTests.release.xcconfig"; sourceTree = "<group>"; };
		47EE48B485E081DAA3B4501A /* Pods-InstagramTests.debug.xcconfig */ = {isa = PBXFileReference; includeInIndex = 1; lastKnownFileType = text.xcconfig; name = "Pods-InstagramTests.debug.xcconfig"; path = "Target Support Files/Pods-InstagramTests/Pods-InstagramTests.debug.xcconfig"; sourceTree = "<group>"; };
		5E68CDE2BB287A2C503296FD /* Pods_InstagramUITests.framework */ = {isa = PBXFileReference; explicitFileType = wrapper.framework; includeInIndex = 0; path = Pods_InstagramUITests.framework; sourceTree = BUILT_PRODUCTS_DIR; };
		64C9DBA22C95619601DDA5E5 /* Pods-InstagramUITests.release.xcconfig */ = {isa = PBXFileReference; includeInIndex = 1; lastKnownFileType = text.xcconfig; name = "Pods-InstagramUITests.release.xcconfig"; path = "Target Support Files/Pods-InstagramUITests/Pods-InstagramUITests.release.xcconfig"; sourceTree = "<group>"; };
		681A2BFA22D53B8900BC63E4 /* ComposeViewController.h */ = {isa = PBXFileReference; lastKnownFileType = sourcecode.c.h; path = ComposeViewController.h; sourceTree = "<group>"; };
		681A2BFB22D53B8900BC63E4 /* ComposeViewController.m */ = {isa = PBXFileReference; lastKnownFileType = sourcecode.c.objc; path = ComposeViewController.m; sourceTree = "<group>"; };
		681A2BFD22D54D3E00BC63E4 /* Post.h */ = {isa = PBXFileReference; lastKnownFileType = sourcecode.c.h; path = Post.h; sourceTree = "<group>"; };
		681A2BFE22D54D3E00BC63E4 /* Post.m */ = {isa = PBXFileReference; lastKnownFileType = sourcecode.c.objc; path = Post.m; sourceTree = "<group>"; };
		681A2C0322D55E5200BC63E4 /* PostCell.h */ = {isa = PBXFileReference; lastKnownFileType = sourcecode.c.h; path = PostCell.h; sourceTree = "<group>"; };
		681A2C0422D55E5200BC63E4 /* d.m */ = {isa = PBXFileReference; lastKnownFileType = sourcecode.c.objc; path = d.m; sourceTree = "<group>"; };
		681A2C4D22D6A63D00BC63E4 /* DetailsViewController.h */ = {isa = PBXFileReference; lastKnownFileType = sourcecode.c.h; path = DetailsViewController.h; sourceTree = "<group>"; };
		681A2C4E22D6A63D00BC63E4 /* DetailsViewController.m */ = {isa = PBXFileReference; lastKnownFileType = sourcecode.c.objc; path = DetailsViewController.m; sourceTree = "<group>"; };
		681A2C5022D7B90500BC63E4 /* ProfileViewController.h */ = {isa = PBXFileReference; lastKnownFileType = sourcecode.c.h; path = ProfileViewController.h; sourceTree = "<group>"; };
		681A2C5122D7B90500BC63E4 /* ProfileViewController.m */ = {isa = PBXFileReference; lastKnownFileType = sourcecode.c.objc; path = ProfileViewController.m; sourceTree = "<group>"; };
		68313E7022D3FBE00093236A /* Instagram.app */ = {isa = PBXFileReference; explicitFileType = wrapper.application; includeInIndex = 0; path = Instagram.app; sourceTree = BUILT_PRODUCTS_DIR; };
		68313E7322D3FBE00093236A /* AppDelegate.h */ = {isa = PBXFileReference; lastKnownFileType = sourcecode.c.h; path = AppDelegate.h; sourceTree = "<group>"; };
		68313E7422D3FBE00093236A /* AppDelegate.m */ = {isa = PBXFileReference; lastKnownFileType = sourcecode.c.objc; path = AppDelegate.m; sourceTree = "<group>"; };
		68313E7A22D3FBE00093236A /* Base */ = {isa = PBXFileReference; lastKnownFileType = file.storyboard; name = Base; path = Base.lproj/Main.storyboard; sourceTree = "<group>"; };
		68313E7C22D3FBE10093236A /* Assets.xcassets */ = {isa = PBXFileReference; lastKnownFileType = folder.assetcatalog; path = Assets.xcassets; sourceTree = "<group>"; };
		68313E7F22D3FBE10093236A /* Base */ = {isa = PBXFileReference; lastKnownFileType = file.storyboard; name = Base; path = Base.lproj/LaunchScreen.storyboard; sourceTree = "<group>"; };
		68313E8122D3FBE10093236A /* Info.plist */ = {isa = PBXFileReference; lastKnownFileType = text.plist.xml; path = Info.plist; sourceTree = "<group>"; };
		68313E8222D3FBE10093236A /* main.m */ = {isa = PBXFileReference; lastKnownFileType = sourcecode.c.objc; path = main.m; sourceTree = "<group>"; };
		68313E8822D3FBE10093236A /* InstagramTests.xctest */ = {isa = PBXFileReference; explicitFileType = wrapper.cfbundle; includeInIndex = 0; path = InstagramTests.xctest; sourceTree = BUILT_PRODUCTS_DIR; };
		68313E8C22D3FBE10093236A /* InstagramTests.m */ = {isa = PBXFileReference; lastKnownFileType = sourcecode.c.objc; path = InstagramTests.m; sourceTree = "<group>"; };
		68313E8E22D3FBE10093236A /* Info.plist */ = {isa = PBXFileReference; lastKnownFileType = text.plist.xml; path = Info.plist; sourceTree = "<group>"; };
		68313E9322D3FBE10093236A /* InstagramUITests.xctest */ = {isa = PBXFileReference; explicitFileType = wrapper.cfbundle; includeInIndex = 0; path = InstagramUITests.xctest; sourceTree = BUILT_PRODUCTS_DIR; };
		68313E9722D3FBE10093236A /* InstagramUITests.m */ = {isa = PBXFileReference; lastKnownFileType = sourcecode.c.objc; path = InstagramUITests.m; sourceTree = "<group>"; };
		68313E9922D3FBE10093236A /* Info.plist */ = {isa = PBXFileReference; lastKnownFileType = text.plist.xml; path = Info.plist; sourceTree = "<group>"; };
		68313EA822D409690093236A /* LoginViewController.h */ = {isa = PBXFileReference; lastKnownFileType = sourcecode.c.h; path = LoginViewController.h; sourceTree = "<group>"; };
		68313EA922D409690093236A /* LoginViewController.m */ = {isa = PBXFileReference; lastKnownFileType = sourcecode.c.objc; path = LoginViewController.m; sourceTree = "<group>"; };
		68313EAB22D410EF0093236A /* RegisterViewController.h */ = {isa = PBXFileReference; lastKnownFileType = sourcecode.c.h; path = RegisterViewController.h; sourceTree = "<group>"; };
		68313EAC22D410EF0093236A /* RegisterViewController.m */ = {isa = PBXFileReference; lastKnownFileType = sourcecode.c.objc; path = RegisterViewController.m; sourceTree = "<group>"; };
		68313EAE22D417C50093236A /* TimelineViewController.h */ = {isa = PBXFileReference; lastKnownFileType = sourcecode.c.h; path = TimelineViewController.h; sourceTree = "<group>"; };
		68313EAF22D417C50093236A /* TimelineViewController.m */ = {isa = PBXFileReference; lastKnownFileType = sourcecode.c.objc; path = TimelineViewController.m; sourceTree = "<group>"; };
		829DA7E82C5471481CD428CE /* Pods-Instagram.release.xcconfig */ = {isa = PBXFileReference; includeInIndex = 1; lastKnownFileType = text.xcconfig; name = "Pods-Instagram.release.xcconfig"; path = "Target Support Files/Pods-Instagram/Pods-Instagram.release.xcconfig"; sourceTree = "<group>"; };
		862A59EFAE5C658EB4629920 /* Pods-Instagram.debug.xcconfig */ = {isa = PBXFileReference; includeInIndex = 1; lastKnownFileType = text.xcconfig; name = "Pods-Instagram.debug.xcconfig"; path = "Target Support Files/Pods-Instagram/Pods-Instagram.debug.xcconfig"; sourceTree = "<group>"; };
		9F9838DBA50EFB07E29620BB /* Pods-InstagramUITests.debug.xcconfig */ = {isa = PBXFileReference; includeInIndex = 1; lastKnownFileType = text.xcconfig; name = "Pods-InstagramUITests.debug.xcconfig"; path = "Target Support Files/Pods-InstagramUITests/Pods-InstagramUITests.debug.xcconfig"; sourceTree = "<group>"; };
		A7E2280B2E6F058048A5D601 /* Pods_Instagram.framework */ = {isa = PBXFileReference; explicitFileType = wrapper.framework; includeInIndex = 0; path = Pods_Instagram.framework; sourceTree = BUILT_PRODUCTS_DIR; };
		FA37EA6B70EB2E381160119C /* Pods_InstagramTests.framework */ = {isa = PBXFileReference; explicitFileType = wrapper.framework; includeInIndex = 0; path = Pods_InstagramTests.framework; sourceTree = BUILT_PRODUCTS_DIR; };
/* End PBXFileReference section */

/* Begin PBXFrameworksBuildPhase section */
		68313E6D22D3FBE00093236A /* Frameworks */ = {
			isa = PBXFrameworksBuildPhase;
			buildActionMask = 2147483647;
			files = (
				EBE1979E5471F694E668258B /* Pods_Instagram.framework in Frameworks */,
			);
			runOnlyForDeploymentPostprocessing = 0;
		};
		68313E8522D3FBE10093236A /* Frameworks */ = {
			isa = PBXFrameworksBuildPhase;
			buildActionMask = 2147483647;
			files = (
				27B18555A08C8A4F21B5FE11 /* Pods_InstagramTests.framework in Frameworks */,
			);
			runOnlyForDeploymentPostprocessing = 0;
		};
		68313E9022D3FBE10093236A /* Frameworks */ = {
			isa = PBXFrameworksBuildPhase;
			buildActionMask = 2147483647;
			files = (
				1750A21C810930168311E055 /* Pods_InstagramUITests.framework in Frameworks */,
			);
			runOnlyForDeploymentPostprocessing = 0;
		};
/* End PBXFrameworksBuildPhase section */

/* Begin PBXGroup section */
		68313E6722D3FBE00093236A = {
			isa = PBXGroup;
			children = (
				68313E7222D3FBE00093236A /* Instagram */,
				68313E8B22D3FBE10093236A /* InstagramTests */,
				68313E9622D3FBE10093236A /* InstagramUITests */,
				68313E7122D3FBE00093236A /* Products */,
				C161E6334CEF93F6F0D61229 /* Pods */,
				BEE81326D4144189CD0B768F /* Frameworks */,
			);
			sourceTree = "<group>";
		};
		68313E7122D3FBE00093236A /* Products */ = {
			isa = PBXGroup;
			children = (
				68313E7022D3FBE00093236A /* Instagram.app */,
				68313E8822D3FBE10093236A /* InstagramTests.xctest */,
				68313E9322D3FBE10093236A /* InstagramUITests.xctest */,
			);
			name = Products;
			sourceTree = "<group>";
		};
		68313E7222D3FBE00093236A /* Instagram */ = {
			isa = PBXGroup;
			children = (
				68313EA722D409470093236A /* Models */,
				68313EA622D4093F0093236A /* Views */,
				68313EA522D409210093236A /* ViewControllers */,
				68313E7322D3FBE00093236A /* AppDelegate.h */,
				68313E7422D3FBE00093236A /* AppDelegate.m */,
				68313E7922D3FBE00093236A /* Main.storyboard */,
				68313E7C22D3FBE10093236A /* Assets.xcassets */,
				68313E7E22D3FBE10093236A /* LaunchScreen.storyboard */,
				68313E8122D3FBE10093236A /* Info.plist */,
				68313E8222D3FBE10093236A /* main.m */,
			);
			path = Instagram;
			sourceTree = "<group>";
		};
		68313E8B22D3FBE10093236A /* InstagramTests */ = {
			isa = PBXGroup;
			children = (
				68313E8C22D3FBE10093236A /* InstagramTests.m */,
				68313E8E22D3FBE10093236A /* Info.plist */,
			);
			path = InstagramTests;
			sourceTree = "<group>";
		};
		68313E9622D3FBE10093236A /* InstagramUITests */ = {
			isa = PBXGroup;
			children = (
				68313E9722D3FBE10093236A /* InstagramUITests.m */,
				68313E9922D3FBE10093236A /* Info.plist */,
			);
			path = InstagramUITests;
			sourceTree = "<group>";
		};
		68313EA522D409210093236A /* ViewControllers */ = {
			isa = PBXGroup;
			children = (
				68313EA822D409690093236A /* LoginViewController.h */,
				68313EA922D409690093236A /* LoginViewController.m */,
				68313EAB22D410EF0093236A /* RegisterViewController.h */,
				68313EAC22D410EF0093236A /* RegisterViewController.m */,
				68313EAE22D417C50093236A /* TimelineViewController.h */,
				68313EAF22D417C50093236A /* TimelineViewController.m */,
				681A2BFA22D53B8900BC63E4 /* ComposeViewController.h */,
				681A2BFB22D53B8900BC63E4 /* ComposeViewController.m */,
				681A2C4D22D6A63D00BC63E4 /* DetailsViewController.h */,
				681A2C4E22D6A63D00BC63E4 /* DetailsViewController.m */,
				681A2C5022D7B90500BC63E4 /* ProfileViewController.h */,
				681A2C5122D7B90500BC63E4 /* ProfileViewController.m */,
			);
			path = ViewControllers;
			sourceTree = "<group>";
		};
		68313EA622D4093F0093236A /* Views */ = {
			isa = PBXGroup;
			children = (
				681A2C0322D55E5200BC63E4 /* PostCell.h */,
				681A2C0422D55E5200BC63E4 /* d.m */,
			);
			path = Views;
			sourceTree = "<group>";
		};
		68313EA722D409470093236A /* Models */ = {
			isa = PBXGroup;
			children = (
				681A2BFD22D54D3E00BC63E4 /* Post.h */,
				681A2BFE22D54D3E00BC63E4 /* Post.m */,
			);
			path = Models;
			sourceTree = "<group>";
		};
		BEE81326D4144189CD0B768F /* Frameworks */ = {
			isa = PBXGroup;
			children = (
				A7E2280B2E6F058048A5D601 /* Pods_Instagram.framework */,
				FA37EA6B70EB2E381160119C /* Pods_InstagramTests.framework */,
				5E68CDE2BB287A2C503296FD /* Pods_InstagramUITests.framework */,
			);
			name = Frameworks;
			sourceTree = "<group>";
		};
		C161E6334CEF93F6F0D61229 /* Pods */ = {
			isa = PBXGroup;
			children = (
				862A59EFAE5C658EB4629920 /* Pods-Instagram.debug.xcconfig */,
				829DA7E82C5471481CD428CE /* Pods-Instagram.release.xcconfig */,
				47EE48B485E081DAA3B4501A /* Pods-InstagramTests.debug.xcconfig */,
				3B05BF0E3D1C82F7EE4C8D1B /* Pods-InstagramTests.release.xcconfig */,
				9F9838DBA50EFB07E29620BB /* Pods-InstagramUITests.debug.xcconfig */,
				64C9DBA22C95619601DDA5E5 /* Pods-InstagramUITests.release.xcconfig */,
			);
			path = Pods;
			sourceTree = "<group>";
		};
/* End PBXGroup section */

/* Begin PBXNativeTarget section */
		68313E6F22D3FBE00093236A /* Instagram */ = {
			isa = PBXNativeTarget;
			buildConfigurationList = 68313E9C22D3FBE10093236A /* Build configuration list for PBXNativeTarget "Instagram" */;
			buildPhases = (
				9608A05A93402ECA951AC1F2 /* [CP] Check Pods Manifest.lock */,
				68313E6C22D3FBE00093236A /* Sources */,
				68313E6D22D3FBE00093236A /* Frameworks */,
				68313E6E22D3FBE00093236A /* Resources */,
				96BF2CA07F2901CA34B7C2D0 /* [CP] Embed Pods Frameworks */,
			);
			buildRules = (
			);
			dependencies = (
			);
			name = Instagram;
			productName = Instagram;
			productReference = 68313E7022D3FBE00093236A /* Instagram.app */;
			productType = "com.apple.product-type.application";
		};
		68313E8722D3FBE10093236A /* InstagramTests */ = {
			isa = PBXNativeTarget;
			buildConfigurationList = 68313E9F22D3FBE10093236A /* Build configuration list for PBXNativeTarget "InstagramTests" */;
			buildPhases = (
				157D037B9D03AF09F0824BB5 /* [CP] Check Pods Manifest.lock */,
				68313E8422D3FBE10093236A /* Sources */,
				68313E8522D3FBE10093236A /* Frameworks */,
				68313E8622D3FBE10093236A /* Resources */,
			);
			buildRules = (
			);
			dependencies = (
				68313E8A22D3FBE10093236A /* PBXTargetDependency */,
			);
			name = InstagramTests;
			productName = InstagramTests;
			productReference = 68313E8822D3FBE10093236A /* InstagramTests.xctest */;
			productType = "com.apple.product-type.bundle.unit-test";
		};
		68313E9222D3FBE10093236A /* InstagramUITests */ = {
			isa = PBXNativeTarget;
			buildConfigurationList = 68313EA222D3FBE10093236A /* Build configuration list for PBXNativeTarget "InstagramUITests" */;
			buildPhases = (
				908CE5DD25756EAAA78A7F68 /* [CP] Check Pods Manifest.lock */,
				68313E8F22D3FBE10093236A /* Sources */,
				68313E9022D3FBE10093236A /* Frameworks */,
				68313E9122D3FBE10093236A /* Resources */,
			);
			buildRules = (
			);
			dependencies = (
				68313E9522D3FBE10093236A /* PBXTargetDependency */,
			);
			name = InstagramUITests;
			productName = InstagramUITests;
			productReference = 68313E9322D3FBE10093236A /* InstagramUITests.xctest */;
			productType = "com.apple.product-type.bundle.ui-testing";
		};
/* End PBXNativeTarget section */

/* Begin PBXProject section */
		68313E6822D3FBE00093236A /* Project object */ = {
			isa = PBXProject;
			attributes = {
				LastUpgradeCheck = 1020;
				ORGANIZATIONNAME = antiriby;
				TargetAttributes = {
					68313E6F22D3FBE00093236A = {
						CreatedOnToolsVersion = 10.2.1;
					};
					68313E8722D3FBE10093236A = {
						CreatedOnToolsVersion = 10.2.1;
						TestTargetID = 68313E6F22D3FBE00093236A;
					};
					68313E9222D3FBE10093236A = {
						CreatedOnToolsVersion = 10.2.1;
						TestTargetID = 68313E6F22D3FBE00093236A;
					};
				};
			};
			buildConfigurationList = 68313E6B22D3FBE00093236A /* Build configuration list for PBXProject "Instagram" */;
			compatibilityVersion = "Xcode 9.3";
			developmentRegion = en;
			hasScannedForEncodings = 0;
			knownRegions = (
				en,
				Base,
			);
			mainGroup = 68313E6722D3FBE00093236A;
			productRefGroup = 68313E7122D3FBE00093236A /* Products */;
			projectDirPath = "";
			projectRoot = "";
			targets = (
				68313E6F22D3FBE00093236A /* Instagram */,
				68313E8722D3FBE10093236A /* InstagramTests */,
				68313E9222D3FBE10093236A /* InstagramUITests */,
			);
		};
/* End PBXProject section */

/* Begin PBXResourcesBuildPhase section */
		68313E6E22D3FBE00093236A /* Resources */ = {
			isa = PBXResourcesBuildPhase;
			buildActionMask = 2147483647;
			files = (
				68313E8022D3FBE10093236A /* LaunchScreen.storyboard in Resources */,
				68313E7D22D3FBE10093236A /* Assets.xcassets in Resources */,
				68313E7B22D3FBE00093236A /* Main.storyboard in Resources */,
			);
			runOnlyForDeploymentPostprocessing = 0;
		};
		68313E8622D3FBE10093236A /* Resources */ = {
			isa = PBXResourcesBuildPhase;
			buildActionMask = 2147483647;
			files = (
			);
			runOnlyForDeploymentPostprocessing = 0;
		};
		68313E9122D3FBE10093236A /* Resources */ = {
			isa = PBXResourcesBuildPhase;
			buildActionMask = 2147483647;
			files = (
			);
			runOnlyForDeploymentPostprocessing = 0;
		};
/* End PBXResourcesBuildPhase section */

/* Begin PBXShellScriptBuildPhase section */
		157D037B9D03AF09F0824BB5 /* [CP] Check Pods Manifest.lock */ = {
			isa = PBXShellScriptBuildPhase;
			buildActionMask = 2147483647;
			files = (
			);
			inputFileListPaths = (
			);
			inputPaths = (
				"${PODS_PODFILE_DIR_PATH}/Podfile.lock",
				"${PODS_ROOT}/Manifest.lock",
			);
			name = "[CP] Check Pods Manifest.lock";
			outputFileListPaths = (
			);
			outputPaths = (
				"$(DERIVED_FILE_DIR)/Pods-InstagramTests-checkManifestLockResult.txt",
			);
			runOnlyForDeploymentPostprocessing = 0;
			shellPath = /bin/sh;
			shellScript = "diff \"${PODS_PODFILE_DIR_PATH}/Podfile.lock\" \"${PODS_ROOT}/Manifest.lock\" > /dev/null\nif [ $? != 0 ] ; then\n    # print error to STDERR\n    echo \"error: The sandbox is not in sync with the Podfile.lock. Run 'pod install' or update your CocoaPods installation.\" >&2\n    exit 1\nfi\n# This output is used by Xcode 'outputs' to avoid re-running this script phase.\necho \"SUCCESS\" > \"${SCRIPT_OUTPUT_FILE_0}\"\n";
			showEnvVarsInLog = 0;
		};
		908CE5DD25756EAAA78A7F68 /* [CP] Check Pods Manifest.lock */ = {
			isa = PBXShellScriptBuildPhase;
			buildActionMask = 2147483647;
			files = (
			);
			inputFileListPaths = (
			);
			inputPaths = (
				"${PODS_PODFILE_DIR_PATH}/Podfile.lock",
				"${PODS_ROOT}/Manifest.lock",
			);
			name = "[CP] Check Pods Manifest.lock";
			outputFileListPaths = (
			);
			outputPaths = (
				"$(DERIVED_FILE_DIR)/Pods-InstagramUITests-checkManifestLockResult.txt",
			);
			runOnlyForDeploymentPostprocessing = 0;
			shellPath = /bin/sh;
			shellScript = "diff \"${PODS_PODFILE_DIR_PATH}/Podfile.lock\" \"${PODS_ROOT}/Manifest.lock\" > /dev/null\nif [ $? != 0 ] ; then\n    # print error to STDERR\n    echo \"error: The sandbox is not in sync with the Podfile.lock. Run 'pod install' or update your CocoaPods installation.\" >&2\n    exit 1\nfi\n# This output is used by Xcode 'outputs' to avoid re-running this script phase.\necho \"SUCCESS\" > \"${SCRIPT_OUTPUT_FILE_0}\"\n";
			showEnvVarsInLog = 0;
		};
		9608A05A93402ECA951AC1F2 /* [CP] Check Pods Manifest.lock */ = {
			isa = PBXShellScriptBuildPhase;
			buildActionMask = 2147483647;
			files = (
			);
			inputFileListPaths = (
			);
			inputPaths = (
				"${PODS_PODFILE_DIR_PATH}/Podfile.lock",
				"${PODS_ROOT}/Manifest.lock",
			);
			name = "[CP] Check Pods Manifest.lock";
			outputFileListPaths = (
			);
			outputPaths = (
				"$(DERIVED_FILE_DIR)/Pods-Instagram-checkManifestLockResult.txt",
			);
			runOnlyForDeploymentPostprocessing = 0;
			shellPath = /bin/sh;
			shellScript = "diff \"${PODS_PODFILE_DIR_PATH}/Podfile.lock\" \"${PODS_ROOT}/Manifest.lock\" > /dev/null\nif [ $? != 0 ] ; then\n    # print error to STDERR\n    echo \"error: The sandbox is not in sync with the Podfile.lock. Run 'pod install' or update your CocoaPods installation.\" >&2\n    exit 1\nfi\n# This output is used by Xcode 'outputs' to avoid re-running this script phase.\necho \"SUCCESS\" > \"${SCRIPT_OUTPUT_FILE_0}\"\n";
			showEnvVarsInLog = 0;
		};
		96BF2CA07F2901CA34B7C2D0 /* [CP] Embed Pods Frameworks */ = {
			isa = PBXShellScriptBuildPhase;
			buildActionMask = 2147483647;
			files = (
			);
			inputFileListPaths = (
				"${PODS_ROOT}/Target Support Files/Pods-Instagram/Pods-Instagram-frameworks-${CONFIGURATION}-input-files.xcfilelist",
			);
			name = "[CP] Embed Pods Frameworks";
			outputFileListPaths = (
				"${PODS_ROOT}/Target Support Files/Pods-Instagram/Pods-Instagram-frameworks-${CONFIGURATION}-output-files.xcfilelist",
			);
			runOnlyForDeploymentPostprocessing = 0;
			shellPath = /bin/sh;
			shellScript = "\"${PODS_ROOT}/Target Support Files/Pods-Instagram/Pods-Instagram-frameworks.sh\"\n";
			showEnvVarsInLog = 0;
		};
/* End PBXShellScriptBuildPhase section */

/* Begin PBXSourcesBuildPhase section */
		68313E6C22D3FBE00093236A /* Sources */ = {
			isa = PBXSourcesBuildPhase;
			buildActionMask = 2147483647;
			files = (
				68313EAD22D410EF0093236A /* RegisterViewController.m in Sources */,
				681A2C4F22D6A63D00BC63E4 /* DetailsViewController.m in Sources */,
				68313EAA22D409690093236A /* LoginViewController.m in Sources */,
				68313E8322D3FBE10093236A /* main.m in Sources */,
				681A2C5222D7B90500BC63E4 /* ProfileViewController.m in Sources */,
				681A2BFC22D53B8900BC63E4 /* ComposeViewController.m in Sources */,
				681A2C0522D55E5200BC63E4 /* d.m in Sources */,
				68313E7522D3FBE00093236A /* AppDelegate.m in Sources */,
				68313EB022D417C50093236A /* TimelineViewController.m in Sources */,
				681A2BFF22D54D3E00BC63E4 /* Post.m in Sources */,
			);
			runOnlyForDeploymentPostprocessing = 0;
		};
		68313E8422D3FBE10093236A /* Sources */ = {
			isa = PBXSourcesBuildPhase;
			buildActionMask = 2147483647;
			files = (
				68313E8D22D3FBE10093236A /* InstagramTests.m in Sources */,
			);
			runOnlyForDeploymentPostprocessing = 0;
		};
		68313E8F22D3FBE10093236A /* Sources */ = {
			isa = PBXSourcesBuildPhase;
			buildActionMask = 2147483647;
			files = (
				68313E9822D3FBE10093236A /* InstagramUITests.m in Sources */,
			);
			runOnlyForDeploymentPostprocessing = 0;
		};
/* End PBXSourcesBuildPhase section */

/* Begin PBXTargetDependency section */
		68313E8A22D3FBE10093236A /* PBXTargetDependency */ = {
			isa = PBXTargetDependency;
			target = 68313E6F22D3FBE00093236A /* Instagram */;
			targetProxy = 68313E8922D3FBE10093236A /* PBXContainerItemProxy */;
		};
		68313E9522D3FBE10093236A /* PBXTargetDependency */ = {
			isa = PBXTargetDependency;
			target = 68313E6F22D3FBE00093236A /* Instagram */;
			targetProxy = 68313E9422D3FBE10093236A /* PBXContainerItemProxy */;
		};
/* End PBXTargetDependency section */

/* Begin PBXVariantGroup section */
		68313E7922D3FBE00093236A /* Main.storyboard */ = {
			isa = PBXVariantGroup;
			children = (
				68313E7A22D3FBE00093236A /* Base */,
			);
			name = Main.storyboard;
			sourceTree = "<group>";
		};
		68313E7E22D3FBE10093236A /* LaunchScreen.storyboard */ = {
			isa = PBXVariantGroup;
			children = (
				68313E7F22D3FBE10093236A /* Base */,
			);
			name = LaunchScreen.storyboard;
			sourceTree = "<group>";
		};
/* End PBXVariantGroup section */

/* Begin XCBuildConfiguration section */
		68313E9A22D3FBE10093236A /* Debug */ = {
			isa = XCBuildConfiguration;
			buildSettings = {
				ALWAYS_SEARCH_USER_PATHS = NO;
				CLANG_ANALYZER_NONNULL = YES;
				CLANG_ANALYZER_NUMBER_OBJECT_CONVERSION = YES_AGGRESSIVE;
				CLANG_CXX_LANGUAGE_STANDARD = "gnu++14";
				CLANG_CXX_LIBRARY = "libc++";
				CLANG_ENABLE_MODULES = YES;
				CLANG_ENABLE_OBJC_ARC = YES;
				CLANG_ENABLE_OBJC_WEAK = YES;
				CLANG_WARN_BLOCK_CAPTURE_AUTORELEASING = YES;
				CLANG_WARN_BOOL_CONVERSION = YES;
				CLANG_WARN_COMMA = YES;
				CLANG_WARN_CONSTANT_CONVERSION = YES;
				CLANG_WARN_DEPRECATED_OBJC_IMPLEMENTATIONS = YES;
				CLANG_WARN_DIRECT_OBJC_ISA_USAGE = YES_ERROR;
				CLANG_WARN_DOCUMENTATION_COMMENTS = YES;
				CLANG_WARN_EMPTY_BODY = YES;
				CLANG_WARN_ENUM_CONVERSION = YES;
				CLANG_WARN_INFINITE_RECURSION = YES;
				CLANG_WARN_INT_CONVERSION = YES;
				CLANG_WARN_NON_LITERAL_NULL_CONVERSION = YES;
				CLANG_WARN_OBJC_IMPLICIT_RETAIN_SELF = YES;
				CLANG_WARN_OBJC_LITERAL_CONVERSION = YES;
				CLANG_WARN_OBJC_ROOT_CLASS = YES_ERROR;
				CLANG_WARN_RANGE_LOOP_ANALYSIS = YES;
				CLANG_WARN_STRICT_PROTOTYPES = YES;
				CLANG_WARN_SUSPICIOUS_MOVE = YES;
				CLANG_WARN_UNGUARDED_AVAILABILITY = YES_AGGRESSIVE;
				CLANG_WARN_UNREACHABLE_CODE = YES;
				CLANG_WARN__DUPLICATE_METHOD_MATCH = YES;
				CODE_SIGN_IDENTITY = "iPhone Developer";
				COPY_PHASE_STRIP = NO;
				DEBUG_INFORMATION_FORMAT = dwarf;
				ENABLE_STRICT_OBJC_MSGSEND = YES;
				ENABLE_TESTABILITY = YES;
				GCC_C_LANGUAGE_STANDARD = gnu11;
				GCC_DYNAMIC_NO_PIC = NO;
				GCC_NO_COMMON_BLOCKS = YES;
				GCC_OPTIMIZATION_LEVEL = 0;
				GCC_PREPROCESSOR_DEFINITIONS = (
					"DEBUG=1",
					"$(inherited)",
				);
				GCC_WARN_64_TO_32_BIT_CONVERSION = YES;
				GCC_WARN_ABOUT_RETURN_TYPE = YES_ERROR;
				GCC_WARN_UNDECLARED_SELECTOR = YES;
				GCC_WARN_UNINITIALIZED_AUTOS = YES_AGGRESSIVE;
				GCC_WARN_UNUSED_FUNCTION = YES;
				GCC_WARN_UNUSED_VARIABLE = YES;
				IPHONEOS_DEPLOYMENT_TARGET = 12.2;
				MTL_ENABLE_DEBUG_INFO = INCLUDE_SOURCE;
				MTL_FAST_MATH = YES;
				ONLY_ACTIVE_ARCH = YES;
				SDKROOT = iphoneos;
			};
			name = Debug;
		};
		68313E9B22D3FBE10093236A /* Release */ = {
			isa = XCBuildConfiguration;
			buildSettings = {
				ALWAYS_SEARCH_USER_PATHS = NO;
				CLANG_ANALYZER_NONNULL = YES;
				CLANG_ANALYZER_NUMBER_OBJECT_CONVERSION = YES_AGGRESSIVE;
				CLANG_CXX_LANGUAGE_STANDARD = "gnu++14";
				CLANG_CXX_LIBRARY = "libc++";
				CLANG_ENABLE_MODULES = YES;
				CLANG_ENABLE_OBJC_ARC = YES;
				CLANG_ENABLE_OBJC_WEAK = YES;
				CLANG_WARN_BLOCK_CAPTURE_AUTORELEASING = YES;
				CLANG_WARN_BOOL_CONVERSION = YES;
				CLANG_WARN_COMMA = YES;
				CLANG_WARN_CONSTANT_CONVERSION = YES;
				CLANG_WARN_DEPRECATED_OBJC_IMPLEMENTATIONS = YES;
				CLANG_WARN_DIRECT_OBJC_ISA_USAGE = YES_ERROR;
				CLANG_WARN_DOCUMENTATION_COMMENTS = YES;
				CLANG_WARN_EMPTY_BODY = YES;
				CLANG_WARN_ENUM_CONVERSION = YES;
				CLANG_WARN_INFINITE_RECURSION = YES;
				CLANG_WARN_INT_CONVERSION = YES;
				CLANG_WARN_NON_LITERAL_NULL_CONVERSION = YES;
				CLANG_WARN_OBJC_IMPLICIT_RETAIN_SELF = YES;
				CLANG_WARN_OBJC_LITERAL_CONVERSION = YES;
				CLANG_WARN_OBJC_ROOT_CLASS = YES_ERROR;
				CLANG_WARN_RANGE_LOOP_ANALYSIS = YES;
				CLANG_WARN_STRICT_PROTOTYPES = YES;
				CLANG_WARN_SUSPICIOUS_MOVE = YES;
				CLANG_WARN_UNGUARDED_AVAILABILITY = YES_AGGRESSIVE;
				CLANG_WARN_UNREACHABLE_CODE = YES;
				CLANG_WARN__DUPLICATE_METHOD_MATCH = YES;
				CODE_SIGN_IDENTITY = "iPhone Developer";
				COPY_PHASE_STRIP = NO;
				DEBUG_INFORMATION_FORMAT = "dwarf-with-dsym";
				ENABLE_NS_ASSERTIONS = NO;
				ENABLE_STRICT_OBJC_MSGSEND = YES;
				GCC_C_LANGUAGE_STANDARD = gnu11;
				GCC_NO_COMMON_BLOCKS = YES;
				GCC_WARN_64_TO_32_BIT_CONVERSION = YES;
				GCC_WARN_ABOUT_RETURN_TYPE = YES_ERROR;
				GCC_WARN_UNDECLARED_SELECTOR = YES;
				GCC_WARN_UNINITIALIZED_AUTOS = YES_AGGRESSIVE;
				GCC_WARN_UNUSED_FUNCTION = YES;
				GCC_WARN_UNUSED_VARIABLE = YES;
				IPHONEOS_DEPLOYMENT_TARGET = 12.2;
				MTL_ENABLE_DEBUG_INFO = NO;
				MTL_FAST_MATH = YES;
				SDKROOT = iphoneos;
				VALIDATE_PRODUCT = YES;
			};
			name = Release;
		};
		68313E9D22D3FBE10093236A /* Debug */ = {
			isa = XCBuildConfiguration;
			baseConfigurationReference = 862A59EFAE5C658EB4629920 /* Pods-Instagram.debug.xcconfig */;
			buildSettings = {
				ASSETCATALOG_COMPILER_APPICON_NAME = AppIcon;
				CODE_SIGN_STYLE = Automatic;
				DEVELOPMENT_TEAM = CF767272TX;
				INFOPLIST_FILE = Instagram/Info.plist;
				LD_RUNPATH_SEARCH_PATHS = (
					"$(inherited)",
					"@executable_path/Frameworks",
				);
				PRODUCT_BUNDLE_IDENTIFIER = "com.briana.antiri13-gmail.com.Instagram";
				PRODUCT_NAME = "$(TARGET_NAME)";
				TARGETED_DEVICE_FAMILY = "1,2";
			};
			name = Debug;
		};
		68313E9E22D3FBE10093236A /* Release */ = {
			isa = XCBuildConfiguration;
			baseConfigurationReference = 829DA7E82C5471481CD428CE /* Pods-Instagram.release.xcconfig */;
			buildSettings = {
				ASSETCATALOG_COMPILER_APPICON_NAME = AppIcon;
				CODE_SIGN_STYLE = Automatic;
				DEVELOPMENT_TEAM = CF767272TX;
				INFOPLIST_FILE = Instagram/Info.plist;
				LD_RUNPATH_SEARCH_PATHS = (
					"$(inherited)",
					"@executable_path/Frameworks",
				);
				PRODUCT_BUNDLE_IDENTIFIER = "com.briana.antiri13-gmail.com.Instagram";
				PRODUCT_NAME = "$(TARGET_NAME)";
				TARGETED_DEVICE_FAMILY = "1,2";
			};
			name = Release;
		};
		68313EA022D3FBE10093236A /* Debug */ = {
			isa = XCBuildConfiguration;
			baseConfigurationReference = 47EE48B485E081DAA3B4501A /* Pods-InstagramTests.debug.xcconfig */;
			buildSettings = {
				BUNDLE_LOADER = "$(TEST_HOST)";
				CODE_SIGN_STYLE = Automatic;
				DEVELOPMENT_TEAM = CF767272TX;
				INFOPLIST_FILE = InstagramTests/Info.plist;
				LD_RUNPATH_SEARCH_PATHS = (
					"$(inherited)",
					"@executable_path/Frameworks",
					"@loader_path/Frameworks",
				);
				PRODUCT_BUNDLE_IDENTIFIER = "com.briana.antiri13-gmail.com.InstagramTests";
				PRODUCT_NAME = "$(TARGET_NAME)";
				TARGETED_DEVICE_FAMILY = "1,2";
				TEST_HOST = "$(BUILT_PRODUCTS_DIR)/Instagram.app/Instagram";
			};
			name = Debug;
		};
		68313EA122D3FBE10093236A /* Release */ = {
			isa = XCBuildConfiguration;
			baseConfigurationReference = 3B05BF0E3D1C82F7EE4C8D1B /* Pods-InstagramTests.release.xcconfig */;
			buildSettings = {
				BUNDLE_LOADER = "$(TEST_HOST)";
				CODE_SIGN_STYLE = Automatic;
				DEVELOPMENT_TEAM = CF767272TX;
				INFOPLIST_FILE = InstagramTests/Info.plist;
				LD_RUNPATH_SEARCH_PATHS = (
					"$(inherited)",
					"@executable_path/Frameworks",
					"@loader_path/Frameworks",
				);
				PRODUCT_BUNDLE_IDENTIFIER = "com.briana.antiri13-gmail.com.InstagramTests";
				PRODUCT_NAME = "$(TARGET_NAME)";
				TARGETED_DEVICE_FAMILY = "1,2";
				TEST_HOST = "$(BUILT_PRODUCTS_DIR)/Instagram.app/Instagram";
			};
			name = Release;
		};
		68313EA322D3FBE10093236A /* Debug */ = {
			isa = XCBuildConfiguration;
			baseConfigurationReference = 9F9838DBA50EFB07E29620BB /* Pods-InstagramUITests.debug.xcconfig */;
			buildSettings = {
				CODE_SIGN_STYLE = Automatic;
				DEVELOPMENT_TEAM = CF767272TX;
				INFOPLIST_FILE = InstagramUITests/Info.plist;
				LD_RUNPATH_SEARCH_PATHS = (
					"$(inherited)",
					"@executable_path/Frameworks",
					"@loader_path/Frameworks",
				);
				PRODUCT_BUNDLE_IDENTIFIER = "com.briana.antiri13-gmail.com.InstagramUITests";
				PRODUCT_NAME = "$(TARGET_NAME)";
				TARGETED_DEVICE_FAMILY = "1,2";
				TEST_TARGET_NAME = Instagram;
			};
			name = Debug;
		};
		68313EA422D3FBE10093236A /* Release */ = {
			isa = XCBuildConfiguration;
			baseConfigurationReference = 64C9DBA22C95619601DDA5E5 /* Pods-InstagramUITests.release.xcconfig */;
			buildSettings = {
				CODE_SIGN_STYLE = Automatic;
				DEVELOPMENT_TEAM = CF767272TX;
				INFOPLIST_FILE = InstagramUITests/Info.plist;
				LD_RUNPATH_SEARCH_PATHS = (
					"$(inherited)",
					"@executable_path/Frameworks",
					"@loader_path/Frameworks",
				);
				PRODUCT_BUNDLE_IDENTIFIER = "com.briana.antiri13-gmail.com.InstagramUITests";
				PRODUCT_NAME = "$(TARGET_NAME)";
				TARGETED_DEVICE_FAMILY = "1,2";
				TEST_TARGET_NAME = Instagram;
			};
			name = Release;
		};
/* End XCBuildConfiguration section */

/* Begin XCConfigurationList section */
		68313E6B22D3FBE00093236A /* Build configuration list for PBXProject "Instagram" */ = {
			isa = XCConfigurationList;
			buildConfigurations = (
				68313E9A22D3FBE10093236A /* Debug */,
				68313E9B22D3FBE10093236A /* Release */,
			);
			defaultConfigurationIsVisible = 0;
			defaultConfigurationName = Release;
		};
		68313E9C22D3FBE10093236A /* Build configuration list for PBXNativeTarget "Instagram" */ = {
			isa = XCConfigurationList;
			buildConfigurations = (
				68313E9D22D3FBE10093236A /* Debug */,
				68313E9E22D3FBE10093236A /* Release */,
			);
			defaultConfigurationIsVisible = 0;
			defaultConfigurationName = Release;
		};
		68313E9F22D3FBE10093236A /* Build configuration list for PBXNativeTarget "InstagramTests" */ = {
			isa = XCConfigurationList;
			buildConfigurations = (
				68313EA022D3FBE10093236A /* Debug */,
				68313EA122D3FBE10093236A /* Release */,
			);
			defaultConfigurationIsVisible = 0;
			defaultConfigurationName = Release;
		};
		68313EA222D3FBE10093236A /* Build configuration list for PBXNativeTarget "InstagramUITests" */ = {
			isa = XCConfigurationList;
			buildConfigurations = (
				68313EA322D3FBE10093236A /* Debug */,
				68313EA422D3FBE10093236A /* Release */,
			);
			defaultConfigurationIsVisible = 0;
			defaultConfigurationName = Release;
		};
/* End XCConfigurationList section */
	};
	rootObject = 68313E6822D3FBE00093236A /* Project object */;
}
